
Microsoft Visual Studio Solution File, Format Version 12.00
# Visual Studio Version 16
VisualStudioVersion = 16.0.30105.148
MinimumVisualStudioVersion = 10.0.40219.1
Project("{9A19103F-16F7-4668-BE54-9A1E7A4F7556}") = "UnitTestPresentation.Tests", "UnitTestPresentation.Tests\UnitTestPresentation.Tests.csproj", "{34F2281E-D854-422A-9637-ED6B60D8A4A7}"
EndProject
Project("{9A19103F-16F7-4668-BE54-9A1E7A4F7556}") = "UnitTestPresentation.Services", "UnitTestPresentation.Services\UnitTestPresentation.Services.csproj", "{E7BEC123-D299-4CCE-AF2E-5A4E48AC677D}"
EndProject
Project("{9A19103F-16F7-4668-BE54-9A1E7A4F7556}") = "UnitTestPresentation.DAL", "UnitTestPresentation.DAL\UnitTestPresentation.DAL.csproj", "{C2260266-7742-43FE-9361-00C0261CD62B}"
EndProject
Project("{FAE04EC0-301F-11D3-BF4B-00C04F79EFBC}") = "KeyVaultPresentation", "KeyVaultPresentation\KeyVaultPresentation.csproj", "{3EA91BD6-851B-49DB-98C4-EE2053D1C788}"
EndProject
Global
	GlobalSection(SolutionConfigurationPlatforms) = preSolution
		Debug|Any CPU = Debug|Any CPU
		Release|Any CPU = Release|Any CPU
	EndGlobalSection
	GlobalSection(ProjectConfigurationPlatforms) = postSolution
		{34F2281E-D854-422A-9637-ED6B60D8A4A7}.Debug|Any CPU.ActiveCfg = Debug|Any CPU
		{34F2281E-D854-422A-9637-ED6B60D8A4A7}.Debug|Any CPU.Build.0 = Debug|Any CPU
		{34F2281E-D854-422A-9637-ED6B60D8A4A7}.Release|Any CPU.ActiveCfg = Release|Any CPU
		{34F2281E-D854-422A-9637-ED6B60D8A4A7}.Release|Any CPU.Build.0 = Release|Any CPU
		{E7BEC123-D299-4CCE-AF2E-5A4E48AC677D}.Debug|Any CPU.ActiveCfg = Debug|Any CPU
		{E7BEC123-D299-4CCE-AF2E-5A4E48AC677D}.Debug|Any CPU.Build.0 = Debug|Any CPU
		{E7BEC123-D299-4CCE-AF2E-5A4E48AC677D}.Release|Any CPU.ActiveCfg = Release|Any CPU
		{E7BEC123-D299-4CCE-AF2E-5A4E48AC677D}.Release|Any CPU.Build.0 = Release|Any CPU
		{C2260266-7742-43FE-9361-00C0261CD62B}.Debug|Any CPU.ActiveCfg = Debug|Any CPU
		{C2260266-7742-43FE-9361-00C0261CD62B}.Debug|Any CPU.Build.0 = Debug|Any CPU
		{C2260266-7742-43FE-9361-00C0261CD62B}.Release|Any CPU.ActiveCfg = Release|Any CPU
		{C2260266-7742-43FE-9361-00C0261CD62B}.Release|Any CPU.Build.0 = Release|Any CPU
		{3EA91BD6-851B-49DB-98C4-EE2053D1C788}.Debug|Any CPU.ActiveCfg = Debug|Any CPU
		{3EA91BD6-851B-49DB-98C4-EE2053D1C788}.Debug|Any CPU.Build.0 = Debug|Any CPU
		{3EA91BD6-851B-49DB-98C4-EE2053D1C788}.Release|Any CPU.ActiveCfg = Release|Any CPU
		{3EA91BD6-851B-49DB-98C4-EE2053D1C788}.Release|Any CPU.Build.0 = Release|Any CPU
	EndGlobalSection
	GlobalSection(SolutionProperties) = preSolution
		HideSolutionNode = FALSE
	EndGlobalSection
	GlobalSection(ExtensibilityGlobals) = postSolution
		SolutionGuid = {478572A4-E34B-45EF-B857-853252100876}
	EndGlobalSection
EndGlobal
